
Microsoft Visual Studio Solution File, Format Version 12.00
# Visual Studio Version 16
VisualStudioVersion = 16.0.32413.511
MinimumVisualStudioVersion = 10.0.40219.1
Project("{9A19103F-16F7-4668-BE54-9A1E7A4F7556}") = "Contact_Information", "Contact_Information\Contact_Information.csproj", "{0A77C95E-8A66-4A29-9882-42B46E190BB8}"
EndProject
Global
	GlobalSection(SolutionConfigurationPlatforms) = preSolution
		Debug|Any CPU = Debug|Any CPU
		Release|Any CPU = Release|Any CPU
	EndGlobalSection
	GlobalSection(ProjectConfigurationPlatforms) = postSolution
		{0A77C95E-8A66-4A29-9882-42B46E190BB8}.Debug|Any CPU.ActiveCfg = Debug|Any CPU
		{0A77C95E-8A66-4A29-9882-42B46E190BB8}.Debug|Any CPU.Build.0 = Debug|Any CPU
		{0A77C95E-8A66-4A29-9882-42B46E190BB8}.Release|Any CPU.ActiveCfg = Release|Any CPU
		{0A77C95E-8A66-4A29-9882-42B46E190BB8}.Release|Any CPU.Build.0 = Release|Any CPU
	EndGlobalSection
	GlobalSection(SolutionProperties) = preSolution
		HideSolutionNode = FALSE
	EndGlobalSection
	GlobalSection(ExtensibilityGlobals) = postSolution
		SolutionGuid = {69D5962D-42B6-4C7E-ADF0-CF4AF0A9E8E0}
	EndGlobalSection
EndGlobal
